
Microsoft Visual Studio Solution File, Format Version 12.00
Project("{FAE04EC0-301F-11D3-BF4B-00C04F79EFBC}") = "IndigoSoftTest.Api", "IndigoSoftTest.Api\IndigoSoftTest.Api.csproj", "{EC160EF4-89FE-4A7C-9923-A34404231597}"
EndProject
Project("{FAE04EC0-301F-11D3-BF4B-00C04F79EFBC}") = "IndigoSoftTest.BusinessLogic", "IndigoSoftTest.BusinessLogic\IndigoSoftTest.BusinessLogic.csproj", "{6E03D165-2B55-44BB-A553-B3FC1213DD18}"
EndProject
Project("{FAE04EC0-301F-11D3-BF4B-00C04F79EFBC}") = "IndigoSoftTest.Tests", "IndigoSoftTest.Tests\IndigoSoftTest.Tests.csproj", "{E6F86D4E-836B-4309-8122-DA4F6F868C8C}"
EndProject
Global
	GlobalSection(SolutionConfigurationPlatforms) = preSolution
		Debug|Any CPU = Debug|Any CPU
		Release|Any CPU = Release|Any CPU
	EndGlobalSection
	GlobalSection(ProjectConfigurationPlatforms) = postSolution
		{EC160EF4-89FE-4A7C-9923-A34404231597}.Debug|Any CPU.ActiveCfg = Debug|Any CPU
		{EC160EF4-89FE-4A7C-9923-A34404231597}.Debug|Any CPU.Build.0 = Debug|Any CPU
		{EC160EF4-89FE-4A7C-9923-A34404231597}.Release|Any CPU.ActiveCfg = Release|Any CPU
		{EC160EF4-89FE-4A7C-9923-A34404231597}.Release|Any CPU.Build.0 = Release|Any CPU
		{6E03D165-2B55-44BB-A553-B3FC1213DD18}.Debug|Any CPU.ActiveCfg = Debug|Any CPU
		{6E03D165-2B55-44BB-A553-B3FC1213DD18}.Debug|Any CPU.Build.0 = Debug|Any CPU
		{6E03D165-2B55-44BB-A553-B3FC1213DD18}.Release|Any CPU.ActiveCfg = Release|Any CPU
		{6E03D165-2B55-44BB-A553-B3FC1213DD18}.Release|Any CPU.Build.0 = Release|Any CPU
		{E6F86D4E-836B-4309-8122-DA4F6F868C8C}.Debug|Any CPU.ActiveCfg = Debug|Any CPU
		{E6F86D4E-836B-4309-8122-DA4F6F868C8C}.Debug|Any CPU.Build.0 = Debug|Any CPU
		{E6F86D4E-836B-4309-8122-DA4F6F868C8C}.Release|Any CPU.ActiveCfg = Release|Any CPU
		{E6F86D4E-836B-4309-8122-DA4F6F868C8C}.Release|Any CPU.Build.0 = Release|Any CPU
	EndGlobalSection
EndGlobal
